
Microsoft Visual Studio Solution File, Format Version 12.00
# Visual Studio Version 17
VisualStudioVersion = 17.3.32819.101
MinimumVisualStudioVersion = 10.0.40219.1
Project("{FAE04EC0-301F-11D3-BF4B-00C04F79EFBC}") = "CodeWars", "CodeWars.csproj", "{FE896995-7A11-4015-8691-EC713796EBEB}"
EndProject
Project("{FAE04EC0-301F-11D3-BF4B-00C04F79EFBC}") = "KataTests", "..\KataTests\KataTests.csproj", "{35A31370-5992-41B3-A640-1740961A6BCC}"
EndProject
Global
	GlobalSection(SolutionConfigurationPlatforms) = preSolution
		Debug|Any CPU = Debug|Any CPU
		Release|Any CPU = Release|Any CPU
	EndGlobalSection
	GlobalSection(ProjectConfigurationPlatforms) = postSolution
		{FE896995-7A11-4015-8691-EC713796EBEB}.Debug|Any CPU.ActiveCfg = Debug|Any CPU
		{FE896995-7A11-4015-8691-EC713796EBEB}.Debug|Any CPU.Build.0 = Debug|Any CPU
		{FE896995-7A11-4015-8691-EC713796EBEB}.Release|Any CPU.ActiveCfg = Release|Any CPU
		{FE896995-7A11-4015-8691-EC713796EBEB}.Release|Any CPU.Build.0 = Release|Any CPU
		{35A31370-5992-41B3-A640-1740961A6BCC}.Debug|Any CPU.ActiveCfg = Debug|Any CPU
		{35A31370-5992-41B3-A640-1740961A6BCC}.Debug|Any CPU.Build.0 = Debug|Any CPU
		{35A31370-5992-41B3-A640-1740961A6BCC}.Release|Any CPU.ActiveCfg = Release|Any CPU
		{35A31370-5992-41B3-A640-1740961A6BCC}.Release|Any CPU.Build.0 = Release|Any CPU
	EndGlobalSection
	GlobalSection(SolutionProperties) = preSolution
		HideSolutionNode = FALSE
	EndGlobalSection
	GlobalSection(ExtensibilityGlobals) = postSolution
		SolutionGuid = {141D9F0C-A261-4EBD-9C99-56E27E07E1B6}
	EndGlobalSection
EndGlobal
